
Microsoft Visual Studio Solution File, Format Version 12.00
# Visual Studio Version 17
VisualStudioVersion = 17.0.31612.314
MinimumVisualStudioVersion = 10.0.40219.1
Project("{9A19103F-16F7-4668-BE54-9A1E7A4F7556}") = "Meziantou.Analyzer", "src\Meziantou.Analyzer\Meziantou.Analyzer.csproj", "{FF3C6E64-F949-4B0E-B795-06627D8453AB}"
EndProject
Project("{9A19103F-16F7-4668-BE54-9A1E7A4F7556}") = "Meziantou.Analyzer.Test", "tests\Meziantou.Analyzer.Test\Meziantou.Analyzer.Test.csproj", "{9AB20C4D-A1CD-4FCD-807E-70EF4DAE8DDC}"
EndProject
Project("{2150E333-8FDC-42A3-9474-1A3956D46DE8}") = "Solution Items", "Solution Items", "{E2CFE0B7-CCC9-4FE5-8942-ECA9A71C5A3F}"
	ProjectSection(SolutionItems) = preProject
		.editorconfig = .editorconfig
		CHANGELOG.md = CHANGELOG.md
		.github\workflows\ci.yml = .github\workflows\ci.yml
		Directory.Build.props = Directory.Build.props
		Directory.Build.targets = Directory.Build.targets
		global.json = global.json
		README.md = README.md
	EndProjectSection
EndProject
Project("{9A19103F-16F7-4668-BE54-9A1E7A4F7556}") = "DocumentationGenerator", "src\DocumentationGenerator\DocumentationGenerator.csproj", "{E7199E8B-465B-4487-B078-1FB85BAFD368}"
EndProject
Project("{FAE04EC0-301F-11D3-BF4B-00C04F79EFBC}") = "ListDotNetTypes", "src\ListDotNetTypes\ListDotNetTypes.csproj", "{B496BD9C-27CA-44BE-95A9-57CBC99314D4}"
EndProject
Global
	GlobalSection(SolutionConfigurationPlatforms) = preSolution
		Debug|Any CPU = Debug|Any CPU
		Release|Any CPU = Release|Any CPU
	EndGlobalSection
	GlobalSection(ProjectConfigurationPlatforms) = postSolution
		{FF3C6E64-F949-4B0E-B795-06627D8453AB}.Debug|Any CPU.ActiveCfg = Debug|Any CPU
		{FF3C6E64-F949-4B0E-B795-06627D8453AB}.Debug|Any CPU.Build.0 = Debug|Any CPU
		{FF3C6E64-F949-4B0E-B795-06627D8453AB}.Release|Any CPU.ActiveCfg = Release|Any CPU
		{FF3C6E64-F949-4B0E-B795-06627D8453AB}.Release|Any CPU.Build.0 = Release|Any CPU
		{9AB20C4D-A1CD-4FCD-807E-70EF4DAE8DDC}.Debug|Any CPU.ActiveCfg = Debug|Any CPU
		{9AB20C4D-A1CD-4FCD-807E-70EF4DAE8DDC}.Debug|Any CPU.Build.0 = Debug|Any CPU
		{9AB20C4D-A1CD-4FCD-807E-70EF4DAE8DDC}.Release|Any CPU.ActiveCfg = Release|Any CPU
		{9AB20C4D-A1CD-4FCD-807E-70EF4DAE8DDC}.Release|Any CPU.Build.0 = Release|Any CPU
		{E7199E8B-465B-4487-B078-1FB85BAFD368}.Debug|Any CPU.ActiveCfg = Debug|Any CPU
		{E7199E8B-465B-4487-B078-1FB85BAFD368}.Debug|Any CPU.Build.0 = Debug|Any CPU
		{E7199E8B-465B-4487-B078-1FB85BAFD368}.Release|Any CPU.ActiveCfg = Release|Any CPU
		{E7199E8B-465B-4487-B078-1FB85BAFD368}.Release|Any CPU.Build.0 = Release|Any CPU
		{B496BD9C-27CA-44BE-95A9-57CBC99314D4}.Debug|Any CPU.ActiveCfg = Debug|Any CPU
		{B496BD9C-27CA-44BE-95A9-57CBC99314D4}.Debug|Any CPU.Build.0 = Debug|Any CPU
		{B496BD9C-27CA-44BE-95A9-57CBC99314D4}.Release|Any CPU.ActiveCfg = Release|Any CPU
		{B496BD9C-27CA-44BE-95A9-57CBC99314D4}.Release|Any CPU.Build.0 = Release|Any CPU
	EndGlobalSection
	GlobalSection(SolutionProperties) = preSolution
		HideSolutionNode = FALSE
	EndGlobalSection
	GlobalSection(ExtensibilityGlobals) = postSolution
		SolutionGuid = {9A61D0E6-3E35-4F29-B2D3-F56891F89FB0}
	EndGlobalSection
EndGlobal
